// !$*UTF8*$!
{
	archiveVersion = 1;
	classes = {
	};
	objectVersion = 55;
	objects = {

/* Begin PBXBuildFile section */
		A64CBB14281FCE5D00A5A8CD /* AppDelegate.swift in Sources */ = {isa = PBXBuildFile; fileRef = A64CBB13281FCE5D00A5A8CD /* AppDelegate.swift */; };
		A64CBB16281FCE5D00A5A8CD /* SceneDelegate.swift in Sources */ = {isa = PBXBuildFile; fileRef = A64CBB15281FCE5D00A5A8CD /* SceneDelegate.swift */; };
		A64CBB18281FCE5D00A5A8CD /* ViewController.swift in Sources */ = {isa = PBXBuildFile; fileRef = A64CBB17281FCE5D00A5A8CD /* ViewController.swift */; };
		A64CBB1B281FCE5D00A5A8CD /* Main.storyboard in Resources */ = {isa = PBXBuildFile; fileRef = A64CBB19281FCE5D00A5A8CD /* Main.storyboard */; };
		A64CBB1D281FCE5F00A5A8CD /* Assets.xcassets in Resources */ = {isa = PBXBuildFile; fileRef = A64CBB1C281FCE5F00A5A8CD /* Assets.xcassets */; };
		A64CBB20281FCE5F00A5A8CD /* LaunchScreen.storyboard in Resources */ = {isa = PBXBuildFile; fileRef = A64CBB1E281FCE5F00A5A8CD /* LaunchScreen.storyboard */; };
		A64CBB2B281FCE5F00A5A8CD /* FirstKadaiAppTests.swift in Sources */ = {isa = PBXBuildFile; fileRef = A64CBB2A281FCE5F00A5A8CD /* FirstKadaiAppTests.swift */; };
		A64CBB35281FCE5F00A5A8CD /* FirstKadaiAppUITests.swift in Sources */ = {isa = PBXBuildFile; fileRef = A64CBB34281FCE5F00A5A8CD /* FirstKadaiAppUITests.swift */; };
		A64CBB37281FCE5F00A5A8CD /* FirstKadaiAppUITestsLaunchTests.swift in Sources */ = {isa = PBXBuildFile; fileRef = A64CBB36281FCE5F00A5A8CD /* FirstKadaiAppUITestsLaunchTests.swift */; };
/* End PBXBuildFile section */

/* Begin PBXContainerItemProxy section */
		A64CBB27281FCE5F00A5A8CD /* PBXContainerItemProxy */ = {
			isa = PBXContainerItemProxy;
			containerPortal = A64CBB08281FCE5D00A5A8CD /* Project object */;
			proxyType = 1;
			remoteGlobalIDString = A64CBB0F281FCE5D00A5A8CD;
			remoteInfo = FirstKadaiApp;
		};
		A64CBB31281FCE5F00A5A8CD /* PBXContainerItemProxy */ = {
			isa = PBXContainerItemProxy;
			containerPortal = A64CBB08281FCE5D00A5A8CD /* Project object */;
			proxyType = 1;
			remoteGlobalIDString = A64CBB0F281FCE5D00A5A8CD;
			remoteInfo = FirstKadaiApp;
		};
/* End PBXContainerItemProxy section */

/* Begin PBXFileReference section */
		A64CBB10281FCE5D00A5A8CD /* FirstKadaiApp.app */ = {isa = PBXFileReference; explicitFileType = wrapper.application; includeInIndex = 0; path = FirstKadaiApp.app; sourceTree = BUILT_PRODUCTS_DIR; };
		A64CBB13281FCE5D00A5A8CD /* AppDelegate.swift */ = {isa = PBXFileReference; lastKnownFileType = sourcecode.swift; path = AppDelegate.swift; sourceTree = "<group>"; };
		A64CBB15281FCE5D00A5A8CD /* SceneDelegate.swift */ = {isa = PBXFileReference; lastKnownFileType = sourcecode.swift; path = SceneDelegate.swift; sourceTree = "<group>"; };
		A64CBB17281FCE5D00A5A8CD /* ViewController.swift */ = {isa = PBXFileReference; lastKnownFileType = sourcecode.swift; path = ViewController.swift; sourceTree = "<group>"; };
		A64CBB1A281FCE5D00A5A8CD /* Base */ = {isa = PBXFileReference; lastKnownFileType = file.storyboard; name = Base; path = Base.lproj/Main.storyboard; sourceTree = "<group>"; };
		A64CBB1C281FCE5F00A5A8CD /* Assets.xcassets */ = {isa = PBXFileReference; lastKnownFileType = folder.assetcatalog; path = Assets.xcassets; sourceTree = "<group>"; };
		A64CBB1F281FCE5F00A5A8CD /* Base */ = {isa = PBXFileReference; lastKnownFileType = file.storyboard; name = Base; path = Base.lproj/LaunchScreen.storyboard; sourceTree = "<group>"; };
		A64CBB21281FCE5F00A5A8CD /* Info.plist */ = {isa = PBXFileReference; lastKnownFileType = text.plist.xml; path = Info.plist; sourceTree = "<group>"; };
		A64CBB26281FCE5F00A5A8CD /* FirstKadaiAppTests.xctest */ = {isa = PBXFileReference; explicitFileType = wrapper.cfbundle; includeInIndex = 0; path = FirstKadaiAppTests.xctest; sourceTree = BUILT_PRODUCTS_DIR; };
		A64CBB2A281FCE5F00A5A8CD /* FirstKadaiAppTests.swift */ = {isa = PBXFileReference; lastKnownFileType = sourcecode.swift; path = FirstKadaiAppTests.swift; sourceTree = "<group>"; };
		A64CBB30281FCE5F00A5A8CD /* FirstKadaiAppUITests.xctest */ = {isa = PBXFileReference; explicitFileType = wrapper.cfbundle; includeInIndex = 0; path = FirstKadaiAppUITests.xctest; sourceTree = BUILT_PRODUCTS_DIR; };
		A64CBB34281FCE5F00A5A8CD /* FirstKadaiAppUITests.swift */ = {isa = PBXFileReference; lastKnownFileType = sourcecode.swift; path = FirstKadaiAppUITests.swift; sourceTree = "<group>"; };
		A64CBB36281FCE5F00A5A8CD /* FirstKadaiAppUITestsLaunchTests.swift */ = {isa = PBXFileReference; lastKnownFileType = sourcecode.swift; path = FirstKadaiAppUITestsLaunchTests.swift; sourceTree = "<group>"; };
/* End PBXFileReference section */

/* Begin PBXFrameworksBuildPhase section */
		A64CBB0D281FCE5D00A5A8CD /* Frameworks */ = {
			isa = PBXFrameworksBuildPhase;
			buildActionMask = 2147483647;
			files = (
			);
			runOnlyForDeploymentPostprocessing = 0;
		};
		A64CBB23281FCE5F00A5A8CD /* Frameworks */ = {
			isa = PBXFrameworksBuildPhase;
			buildActionMask = 2147483647;
			files = (
			);
			runOnlyForDeploymentPostprocessing = 0;
		};
		A64CBB2D281FCE5F00A5A8CD /* Frameworks */ = {
			isa = PBXFrameworksBuildPhase;
			buildActionMask = 2147483647;
			files = (
			);
			runOnlyForDeploymentPostprocessing = 0;
		};
/* End PBXFrameworksBuildPhase section */

/* Begin PBXGroup section */
		A64CBB07281FCE5D00A5A8CD = {
			isa = PBXGroup;
			children = (
				A64CBB12281FCE5D00A5A8CD /* FirstKadaiApp */,
				A64CBB29281FCE5F00A5A8CD /* FirstKadaiAppTests */,
				A64CBB33281FCE5F00A5A8CD /* FirstKadaiAppUITests */,
				A64CBB11281FCE5D00A5A8CD /* Products */,
			);
			sourceTree = "<group>";
		};
		A64CBB11281FCE5D00A5A8CD /* Products */ = {
			isa = PBXGroup;
			children = (
				A64CBB10281FCE5D00A5A8CD /* FirstKadaiApp.app */,
				A64CBB26281FCE5F00A5A8CD /* FirstKadaiAppTests.xctest */,
				A64CBB30281FCE5F00A5A8CD /* FirstKadaiAppUITests.xctest */,
			);
			name = Products;
			sourceTree = "<group>";
		};
		A64CBB12281FCE5D00A5A8CD /* FirstKadaiApp */ = {
			isa = PBXGroup;
			children = (
				A64CBB13281FCE5D00A5A8CD /* AppDelegate.swift */,
				A64CBB15281FCE5D00A5A8CD /* SceneDelegate.swift */,
				A64CBB17281FCE5D00A5A8CD /* ViewController.swift */,
				A64CBB19281FCE5D00A5A8CD /* Main.storyboard */,
				A64CBB1C281FCE5F00A5A8CD /* Assets.xcassets */,
				A64CBB1E281FCE5F00A5A8CD /* LaunchScreen.storyboard */,
				A64CBB21281FCE5F00A5A8CD /* Info.plist */,
			);
			path = FirstKadaiApp;
			sourceTree = "<group>";
		};
		A64CBB29281FCE5F00A5A8CD /* FirstKadaiAppTests */ = {
			isa = PBXGroup;
			children = (
				A64CBB2A281FCE5F00A5A8CD /* FirstKadaiAppTests.swift */,
			);
			path = FirstKadaiAppTests;
			sourceTree = "<group>";
		};
		A64CBB33281FCE5F00A5A8CD /* FirstKadaiAppUITests */ = {
			isa = PBXGroup;
			children = (
				A64CBB34281FCE5F00A5A8CD /* FirstKadaiAppUITests.swift */,
				A64CBB36281FCE5F00A5A8CD /* FirstKadaiAppUITestsLaunchTests.swift */,
			);
			path = FirstKadaiAppUITests;
			sourceTree = "<group>";
		};
/* End PBXGroup section */

/* Begin PBXNativeTarget section */
		A64CBB0F281FCE5D00A5A8CD /* FirstKadaiApp */ = {
			isa = PBXNativeTarget;
			buildConfigurationList = A64CBB3A281FCE5F00A5A8CD /* Build configuration list for PBXNativeTarget "FirstKadaiApp" */;
			buildPhases = (
				A64CBB0C281FCE5D00A5A8CD /* Sources */,
				A64CBB0D281FCE5D00A5A8CD /* Frameworks */,
				A64CBB0E281FCE5D00A5A8CD /* Resources */,
			);
			buildRules = (
			);
			dependencies = (
			);
			name = FirstKadaiApp;
			productName = FirstKadaiApp;
			productReference = A64CBB10281FCE5D00A5A8CD /* FirstKadaiApp.app */;
			productType = "com.apple.product-type.application";
		};
		A64CBB25281FCE5F00A5A8CD /* FirstKadaiAppTests */ = {
			isa = PBXNativeTarget;
			buildConfigurationList = A64CBB3D281FCE5F00A5A8CD /* Build configuration list for PBXNativeTarget "FirstKadaiAppTests" */;
			buildPhases = (
				A64CBB22281FCE5F00A5A8CD /* Sources */,
				A64CBB23281FCE5F00A5A8CD /* Frameworks */,
				A64CBB24281FCE5F00A5A8CD /* Resources */,
			);
			buildRules = (
			);
			dependencies = (
				A64CBB28281FCE5F00A5A8CD /* PBXTargetDependency */,
			);
			name = FirstKadaiAppTests;
			productName = FirstKadaiAppTests;
			productReference = A64CBB26281FCE5F00A5A8CD /* FirstKadaiAppTests.xctest */;
			productType = "com.apple.product-type.bundle.unit-test";
		};
		A64CBB2F281FCE5F00A5A8CD /* FirstKadaiAppUITests */ = {
			isa = PBXNativeTarget;
			buildConfigurationList = A64CBB40281FCE5F00A5A8CD /* Build configuration list for PBXNativeTarget "FirstKadaiAppUITests" */;
			buildPhases = (
				A64CBB2C281FCE5F00A5A8CD /* Sources */,
				A64CBB2D281FCE5F00A5A8CD /* Frameworks */,
				A64CBB2E281FCE5F00A5A8CD /* Resources */,
			);
			buildRules = (
			);
			dependencies = (
				A64CBB32281FCE5F00A5A8CD /* PBXTargetDependency */,
			);
			name = FirstKadaiAppUITests;
			productName = FirstKadaiAppUITests;
			productReference = A64CBB30281FCE5F00A5A8CD /* FirstKadaiAppUITests.xctest */;
			productType = "com.apple.product-type.bundle.ui-testing";
		};
/* End PBXNativeTarget section */

/* Begin PBXProject section */
		A64CBB08281FCE5D00A5A8CD /* Project object */ = {
			isa = PBXProject;
			attributes = {
				BuildIndependentTargetsInParallel = 1;
				LastSwiftUpdateCheck = 1330;
				LastUpgradeCheck = 1330;
				TargetAttributes = {
					A64CBB0F281FCE5D00A5A8CD = {
						CreatedOnToolsVersion = 13.3;
					};
					A64CBB25281FCE5F00A5A8CD = {
						CreatedOnToolsVersion = 13.3;
						TestTargetID = A64CBB0F281FCE5D00A5A8CD;
					};
					A64CBB2F281FCE5F00A5A8CD = {
						CreatedOnToolsVersion = 13.3;
						TestTargetID = A64CBB0F281FCE5D00A5A8CD;
					};
				};
			};
			buildConfigurationList = A64CBB0B281FCE5D00A5A8CD /* Build configuration list for PBXProject "FirstKadaiApp" */;
			compatibilityVersion = "Xcode 13.0";
			developmentRegion = en;
			hasScannedForEncodings = 0;
			knownRegions = (
				en,
				Base,
			);
			mainGroup = A64CBB07281FCE5D00A5A8CD;
			productRefGroup = A64CBB11281FCE5D00A5A8CD /* Products */;
			projectDirPath = "";
			projectRoot = "";
			targets = (
				A64CBB0F281FCE5D00A5A8CD /* FirstKadaiApp */,
				A64CBB25281FCE5F00A5A8CD /* FirstKadaiAppTests */,
				A64CBB2F281FCE5F00A5A8CD /* FirstKadaiAppUITests */,
			);
		};
/* End PBXProject section */

/* Begin PBXResourcesBuildPhase section */
		A64CBB0E281FCE5D00A5A8CD /* Resources */ = {
			isa = PBXResourcesBuildPhase;
			buildActionMask = 2147483647;
			files = (
				A64CBB20281FCE5F00A5A8CD /* LaunchScreen.storyboard in Resources */,
				A64CBB1D281FCE5F00A5A8CD /* Assets.xcassets in Resources */,
				A64CBB1B281FCE5D00A5A8CD /* Main.storyboard in Resources */,
			);
			runOnlyForDeploymentPostprocessing = 0;
		};
		A64CBB24281FCE5F00A5A8CD /* Resources */ = {
			isa = PBXResourcesBuildPhase;
			buildActionMask = 2147483647;
			files = (
			);
			runOnlyForDeploymentPostprocessing = 0;
		};
		A64CBB2E281FCE5F00A5A8CD /* Resources */ = {
			isa = PBXResourcesBuildPhase;
			buildActionMask = 2147483647;
			files = (
			);
			runOnlyForDeploymentPostprocessing = 0;
		};
/* End PBXResourcesBuildPhase section */

/* Begin PBXSourcesBuildPhase section */
		A64CBB0C281FCE5D00A5A8CD /* Sources */ = {
			isa = PBXSourcesBuildPhase;
			buildActionMask = 2147483647;
			files = (
				A64CBB18281FCE5D00A5A8CD /* ViewController.swift in Sources */,
				A64CBB14281FCE5D00A5A8CD /* AppDelegate.swift in Sources */,
				A64CBB16281FCE5D00A5A8CD /* SceneDelegate.swift in Sources */,
			);
			runOnlyForDeploymentPostprocessing = 0;
		};
		A64CBB22281FCE5F00A5A8CD /* Sources */ = {
			isa = PBXSourcesBuildPhase;
			buildActionMask = 2147483647;
			files = (
				A64CBB2B281FCE5F00A5A8CD /* FirstKadaiAppTests.swift in Sources */,
			);
			runOnlyForDeploymentPostprocessing = 0;
		};
		A64CBB2C281FCE5F00A5A8CD /* Sources */ = {
			isa = PBXSourcesBuildPhase;
			buildActionMask = 2147483647;
			files = (
				A64CBB37281FCE5F00A5A8CD /* FirstKadaiAppUITestsLaunchTests.swift in Sources */,
				A64CBB35281FCE5F00A5A8CD /* FirstKadaiAppUITests.swift in Sources */,
			);
			runOnlyForDeploymentPostprocessing = 0;
		};
/* End PBXSourcesBuildPhase section */

/* Begin PBXTargetDependency section */
		A64CBB28281FCE5F00A5A8CD /* PBXTargetDependency */ = {
			isa = PBXTargetDependency;
			target = A64CBB0F281FCE5D00A5A8CD /* FirstKadaiApp */;
			targetProxy = A64CBB27281FCE5F00A5A8CD /* PBXContainerItemProxy */;
		};
		A64CBB32281FCE5F00A5A8CD /* PBXTargetDependency */ = {
			isa = PBXTargetDependency;
			target = A64CBB0F281FCE5D00A5A8CD /* FirstKadaiApp */;
			targetProxy = A64CBB31281FCE5F00A5A8CD /* PBXContainerItemProxy */;
		};
/* End PBXTargetDependency section */

/* Begin PBXVariantGroup section */
		A64CBB19281FCE5D00A5A8CD /* Main.storyboard */ = {
			isa = PBXVariantGroup;
			children = (
				A64CBB1A281FCE5D00A5A8CD /* Base */,
			);
			name = Main.storyboard;
			sourceTree = "<group>";
		};
		A64CBB1E281FCE5F00A5A8CD /* LaunchScreen.storyboard */ = {
			isa = PBXVariantGroup;
			children = (
				A64CBB1F281FCE5F00A5A8CD /* Base */,
			);
			name = LaunchScreen.storyboard;
			sourceTree = "<group>";
		};
/* End PBXVariantGroup section */

/* Begin XCBuildConfiguration section */
		A64CBB38281FCE5F00A5A8CD /* Debug */ = {
			isa = XCBuildConfiguration;
			buildSettings = {
				ALWAYS_SEARCH_USER_PATHS = NO;
				CLANG_ANALYZER_NONNULL = YES;
				CLANG_ANALYZER_NUMBER_OBJECT_CONVERSION = YES_AGGRESSIVE;
				CLANG_CXX_LANGUAGE_STANDARD = "gnu++17";
				CLANG_ENABLE_MODULES = YES;
				CLANG_ENABLE_OBJC_ARC = YES;
				CLANG_ENABLE_OBJC_WEAK = YES;
				CLANG_WARN_BLOCK_CAPTURE_AUTORELEASING = YES;
				CLANG_WARN_BOOL_CONVERSION = YES;
				CLANG_WARN_COMMA = YES;
				CLANG_WARN_CONSTANT_CONVERSION = YES;
				CLANG_WARN_DEPRECATED_OBJC_IMPLEMENTATIONS = YES;
				CLANG_WARN_DIRECT_OBJC_ISA_USAGE = YES_ERROR;
				CLANG_WARN_DOCUMENTATION_COMMENTS = YES;
				CLANG_WARN_EMPTY_BODY = YES;
				CLANG_WARN_ENUM_CONVERSION = YES;
				CLANG_WARN_INFINITE_RECURSION = YES;
				CLANG_WARN_INT_CONVERSION = YES;
				CLANG_WARN_NON_LITERAL_NULL_CONVERSION = YES;
				CLANG_WARN_OBJC_IMPLICIT_RETAIN_SELF = YES;
				CLANG_WARN_OBJC_LITERAL_CONVERSION = YES;
				CLANG_WARN_OBJC_ROOT_CLASS = YES_ERROR;
				CLANG_WARN_QUOTED_INCLUDE_IN_FRAMEWORK_HEADER = YES;
				CLANG_WARN_RANGE_LOOP_ANALYSIS = YES;
				CLANG_WARN_STRICT_PROTOTYPES = YES;
				CLANG_WARN_SUSPICIOUS_MOVE = YES;
				CLANG_WARN_UNGUARDED_AVAILABILITY = YES_AGGRESSIVE;
				CLANG_WARN_UNREACHABLE_CODE = YES;
				CLANG_WARN__DUPLICATE_METHOD_MATCH = YES;
				COPY_PHASE_STRIP = NO;
				DEBUG_INFORMATION_FORMAT = dwarf;
				ENABLE_STRICT_OBJC_MSGSEND = YES;
				ENABLE_TESTABILITY = YES;
				GCC_C_LANGUAGE_STANDARD = gnu11;
				GCC_DYNAMIC_NO_PIC = NO;
				GCC_NO_COMMON_BLOCKS = YES;
				GCC_OPTIMIZATION_LEVEL = 0;
				GCC_PREPROCESSOR_DEFINITIONS = (
					"DEBUG=1",
					"$(inherited)",
				);
				GCC_WARN_64_TO_32_BIT_CONVERSION = YES;
				GCC_WARN_ABOUT_RETURN_TYPE = YES_ERROR;
				GCC_WARN_UNDECLARED_SELECTOR = YES;
				GCC_WARN_UNINITIALIZED_AUTOS = YES_AGGRESSIVE;
				GCC_WARN_UNUSED_FUNCTION = YES;
				GCC_WARN_UNUSED_VARIABLE = YES;
				IPHONEOS_DEPLOYMENT_TARGET = 15.4;
				MTL_ENABLE_DEBUG_INFO = INCLUDE_SOURCE;
				MTL_FAST_MATH = YES;
				ONLY_ACTIVE_ARCH = YES;
				SDKROOT = iphoneos;
				SWIFT_ACTIVE_COMPILATION_CONDITIONS = DEBUG;
				SWIFT_OPTIMIZATION_LEVEL = "-Onone";
			};
			name = Debug;
		};
		A64CBB39281FCE5F00A5A8CD /* Release */ = {
			isa = XCBuildConfiguration;
			buildSettings = {
				ALWAYS_SEARCH_USER_PATHS = NO;
				CLANG_ANALYZER_NONNULL = YES;
				CLANG_ANALYZER_NUMBER_OBJECT_CONVERSION = YES_AGGRESSIVE;
				CLANG_CXX_LANGUAGE_STANDARD = "gnu++17";
				CLANG_ENABLE_MODULES = YES;
				CLANG_ENABLE_OBJC_ARC = YES;
				CLANG_ENABLE_OBJC_WEAK = YES;
				CLANG_WARN_BLOCK_CAPTURE_AUTORELEASING = YES;
				CLANG_WARN_BOOL_CONVERSION = YES;
				CLANG_WARN_COMMA = YES;
				CLANG_WARN_CONSTANT_CONVERSION = YES;
				CLANG_WARN_DEPRECATED_OBJC_IMPLEMENTATIONS = YES;
				CLANG_WARN_DIRECT_OBJC_ISA_USAGE = YES_ERROR;
				CLANG_WARN_DOCUMENTATION_COMMENTS = YES;
				CLANG_WARN_EMPTY_BODY = YES;
				CLANG_WARN_ENUM_CONVERSION = YES;
				CLANG_WARN_INFINITE_RECURSION = YES;
				CLANG_WARN_INT_CONVERSION = YES;
				CLANG_WARN_NON_LITERAL_NULL_CONVERSION = YES;
				CLANG_WARN_OBJC_IMPLICIT_RETAIN_SELF = YES;
				CLANG_WARN_OBJC_LITERAL_CONVERSION = YES;
				CLANG_WARN_OBJC_ROOT_CLASS = YES_ERROR;
				CLANG_WARN_QUOTED_INCLUDE_IN_FRAMEWORK_HEADER = YES;
				CLANG_WARN_RANGE_LOOP_ANALYSIS = YES;
				CLANG_WARN_STRICT_PROTOTYPES = YES;
				CLANG_WARN_SUSPICIOUS_MOVE = YES;
				CLANG_WARN_UNGUARDED_AVAILABILITY = YES_AGGRESSIVE;
				CLANG_WARN_UNREACHABLE_CODE = YES;
				CLANG_WARN__DUPLICATE_METHOD_MATCH = YES;
				COPY_PHASE_STRIP = NO;
				DEBUG_INFORMATION_FORMAT = "dwarf-with-dsym";
				ENABLE_NS_ASSERTIONS = NO;
				ENABLE_STRICT_OBJC_MSGSEND = YES;
				GCC_C_LANGUAGE_STANDARD = gnu11;
				GCC_NO_COMMON_BLOCKS = YES;
				GCC_WARN_64_TO_32_BIT_CONVERSION = YES;
				GCC_WARN_ABOUT_RETURN_TYPE = YES_ERROR;
				GCC_WARN_UNDECLARED_SELECTOR = YES;
				GCC_WARN_UNINITIALIZED_AUTOS = YES_AGGRESSIVE;
				GCC_WARN_UNUSED_FUNCTION = YES;
				GCC_WARN_UNUSED_VARIABLE = YES;
				IPHONEOS_DEPLOYMENT_TARGET = 15.4;
				MTL_ENABLE_DEBUG_INFO = NO;
				MTL_FAST_MATH = YES;
				SDKROOT = iphoneos;
				SWIFT_COMPILATION_MODE = wholemodule;
				SWIFT_OPTIMIZATION_LEVEL = "-O";
				VALIDATE_PRODUCT = YES;
			};
			name = Release;
		};
		A64CBB3B281FCE5F00A5A8CD /* Debug */ = {
			isa = XCBuildConfiguration;
			buildSettings = {
				ASSETCATALOG_COMPILER_APPICON_NAME = AppIcon;
				ASSETCATALOG_COMPILER_GLOBAL_ACCENT_COLOR_NAME = AccentColor;
				CODE_SIGN_STYLE = Automatic;
				CURRENT_PROJECT_VERSION = 1;
				GENERATE_INFOPLIST_FILE = YES;
				INFOPLIST_FILE = FirstKadaiApp/Info.plist;
				INFOPLIST_KEY_UIApplicationSupportsIndirectInputEvents = YES;
				INFOPLIST_KEY_UILaunchStoryboardName = LaunchScreen;
				INFOPLIST_KEY_UIMainStoryboardFile = Main;
				INFOPLIST_KEY_UISupportedInterfaceOrientations_iPad = "UIInterfaceOrientationPortrait UIInterfaceOrientationPortraitUpsideDown UIInterfaceOrientationLandscapeLeft UIInterfaceOrientationLandscapeRight";
				INFOPLIST_KEY_UISupportedInterfaceOrientations_iPhone = "UIInterfaceOrientationPortrait UIInterfaceOrientationLandscapeLeft UIInterfaceOrientationLandscapeRight";
				LD_RUNPATH_SEARCH_PATHS = (
					"$(inherited)",
					"@executable_path/Frameworks",
				);
				MARKETING_VERSION = 1.0;
				PRODUCT_BUNDLE_IDENTIFIER = jp.techacademy.jun.nakajima.FirstKadaiApp;
				PRODUCT_NAME = "$(TARGET_NAME)";
				SWIFT_EMIT_LOC_STRINGS = YES;
				SWIFT_VERSION = 5.0;
				TARGETED_DEVICE_FAMILY = "1,2";
			};
			name = Debug;
		};
		A64CBB3C281FCE5F00A5A8CD /* Release */ = {
			isa = XCBuildConfiguration;
			buildSettings = {
				ASSETCATALOG_COMPILER_APPICON_NAME = AppIcon;
				ASSETCATALOG_COMPILER_GLOBAL_ACCENT_COLOR_NAME = AccentColor;
				CODE_SIGN_STYLE = Automatic;
				CURRENT_PROJECT_VERSION = 1;
				GENERATE_INFOPLIST_FILE = YES;
				INFOPLIST_FILE = FirstKadaiApp/Info.plist;
				INFOPLIST_KEY_UIApplicationSupportsIndirectInputEvents = YES;
				INFOPLIST_KEY_UILaunchStoryboardName = LaunchScreen;
				INFOPLIST_KEY_UIMainStoryboardFile = Main;
				INFOPLIST_KEY_UISupportedInterfaceOrientations_iPad = "UIInterfaceOrientationPortrait UIInterfaceOrientationPortraitUpsideDown UIInterfaceOrientationLandscapeLeft UIInterfaceOrientationLandscapeRight";
				INFOPLIST_KEY_UISupportedInterfaceOrientations_iPhone = "UIInterfaceOrientationPortrait UIInterfaceOrientationLandscapeLeft UIInterfaceOrientationLandscapeRight";
				LD_RUNPATH_SEARCH_PATHS = (
					"$(inherited)",
					"@executable_path/Frameworks",
				);
				MARKETING_VERSION = 1.0;
				PRODUCT_BUNDLE_IDENTIFIER = jp.techacademy.jun.nakajima.FirstKadaiApp;
				PRODUCT_NAME = "$(TARGET_NAME)";
				SWIFT_EMIT_LOC_STRINGS = YES;
				SWIFT_VERSION = 5.0;
				TARGETED_DEVICE_FAMILY = "1,2";
			};
			name = Release;
		};
		A64CBB3E281FCE5F00A5A8CD /* Debug */ = {
			isa = XCBuildConfiguration;
			buildSettings = {
				ALWAYS_EMBED_SWIFT_STANDARD_LIBRARIES = YES;
				BUNDLE_LOADER = "$(TEST_HOST)";
				CODE_SIGN_STYLE = Automatic;
				CURRENT_PROJECT_VERSION = 1;
				GENERATE_INFOPLIST_FILE = YES;
				IPHONEOS_DEPLOYMENT_TARGET = 15.4;
				MARKETING_VERSION = 1.0;
				PRODUCT_BUNDLE_IDENTIFIER = jp.techacademy.jun.nakajima.FirstKadaiAppTests;
				PRODUCT_NAME = "$(TARGET_NAME)";
				SWIFT_EMIT_LOC_STRINGS = NO;
				SWIFT_VERSION = 5.0;
				TARGETED_DEVICE_FAMILY = "1,2";
				TEST_HOST = "$(BUILT_PRODUCTS_DIR)/FirstKadaiApp.app/FirstKadaiApp";
			};
			name = Debug;
		};
		A64CBB3F281FCE5F00A5A8CD /* Release */ = {
			isa = XCBuildConfiguration;
			buildSettings = {
				ALWAYS_EMBED_SWIFT_STANDARD_LIBRARIES = YES;
				BUNDLE_LOADER = "$(TEST_HOST)";
				CODE_SIGN_STYLE = Automatic;
				CURRENT_PROJECT_VERSION = 1;
				GENERATE_INFOPLIST_FILE = YES;
				IPHONEOS_DEPLOYMENT_TARGET = 15.4;
				MARKETING_VERSION = 1.0;
				PRODUCT_BUNDLE_IDENTIFIER = jp.techacademy.jun.nakajima.FirstKadaiAppTests;
				PRODUCT_NAME = "$(TARGET_NAME)";
				SWIFT_EMIT_LOC_STRINGS = NO;
				SWIFT_VERSION = 5.0;
				TARGETED_DEVICE_FAMILY = "1,2";
				TEST_HOST = "$(BUILT_PRODUCTS_DIR)/FirstKadaiApp.app/FirstKadaiApp";
			};
			name = Release;
		};
		A64CBB41281FCE5F00A5A8CD /* Debug */ = {
			isa = XCBuildConfiguration;
			buildSettings = {
				ALWAYS_EMBED_SWIFT_STANDARD_LIBRARIES = YES;
				CODE_SIGN_STYLE = Automatic;
				CURRENT_PROJECT_VERSION = 1;
				GENERATE_INFOPLIST_FILE = YES;
				MARKETING_VERSION = 1.0;
				PRODUCT_BUNDLE_IDENTIFIER = jp.techacademy.jun.nakajima.FirstKadaiAppUITests;
				PRODUCT_NAME = "$(TARGET_NAME)";
				SWIFT_EMIT_LOC_STRINGS = NO;
				SWIFT_VERSION = 5.0;
				TARGETED_DEVICE_FAMILY = "1,2";
				TEST_TARGET_NAME = FirstKadaiApp;
			};
			name = Debug;
		};
		A64CBB42281FCE5F00A5A8CD /* Release */ = {
			isa = XCBuildConfiguration;
			buildSettings = {
				ALWAYS_EMBED_SWIFT_STANDARD_LIBRARIES = YES;
				CODE_SIGN_STYLE = Automatic;
				CURRENT_PROJECT_VERSION = 1;
				GENERATE_INFOPLIST_FILE = YES;
				MARKETING_VERSION = 1.0;
				PRODUCT_BUNDLE_IDENTIFIER = jp.techacademy.jun.nakajima.FirstKadaiAppUITests;
				PRODUCT_NAME = "$(TARGET_NAME)";
				SWIFT_EMIT_LOC_STRINGS = NO;
				SWIFT_VERSION = 5.0;
				TARGETED_DEVICE_FAMILY = "1,2";
				TEST_TARGET_NAME = FirstKadaiApp;
			};
			name = Release;
		};
/* End XCBuildConfiguration section */

/* Begin XCConfigurationList section */
		A64CBB0B281FCE5D00A5A8CD /* Build configuration list for PBXProject "FirstKadaiApp" */ = {
			isa = XCConfigurationList;
			buildConfigurations = (
				A64CBB38281FCE5F00A5A8CD /* Debug */,
				A64CBB39281FCE5F00A5A8CD /* Release */,
			);
			defaultConfigurationIsVisible = 0;
			defaultConfigurationName = Release;
		};
		A64CBB3A281FCE5F00A5A8CD /* Build configuration list for PBXNativeTarget "FirstKadaiApp" */ = {
			isa = XCConfigurationList;
			buildConfigurations = (
				A64CBB3B281FCE5F00A5A8CD /* Debug */,
				A64CBB3C281FCE5F00A5A8CD /* Release */,
			);
			defaultConfigurationIsVisible = 0;
			defaultConfigurationName = Release;
		};
		A64CBB3D281FCE5F00A5A8CD /* Build configuration list for PBXNativeTarget "FirstKadaiAppTests" */ = {
			isa = XCConfigurationList;
			buildConfigurations = (
				A64CBB3E281FCE5F00A5A8CD /* Debug */,
				A64CBB3F281FCE5F00A5A8CD /* Release */,
			);
			defaultConfigurationIsVisible = 0;
			defaultConfigurationName = Release;
		};
		A64CBB40281FCE5F00A5A8CD /* Build configuration list for PBXNativeTarget "FirstKadaiAppUITests" */ = {
			isa = XCConfigurationList;
			buildConfigurations = (
				A64CBB41281FCE5F00A5A8CD /* Debug */,
				A64CBB42281FCE5F00A5A8CD /* Release */,
			);
			defaultConfigurationIsVisible = 0;
			defaultConfigurationName = Release;
		};
/* End XCConfigurationList section */
	};
	rootObject = A64CBB08281FCE5D00A5A8CD /* Project object */;
}
